
Microsoft Visual Studio Solution File, Format Version 12.00
# Visual Studio Version 17
VisualStudioVersion = 17.11.35431.28
MinimumVisualStudioVersion = 10.0.40219.1
Project("{9A19103F-16F7-4668-BE54-9A1E7A4F7556}") = "chatRealTimeApplication", "chatRealTimeApplication.csproj", "{A2DC29F0-ED28-4D15-9DAB-ADD6C4C34F43}"
EndProject
Global
	GlobalSection(SolutionConfigurationPlatforms) = preSolution
		Debug|Any CPU = Debug|Any CPU
		Release|Any CPU = Release|Any CPU
	EndGlobalSection
	GlobalSection(ProjectConfigurationPlatforms) = postSolution
		{A2DC29F0-ED28-4D15-9DAB-ADD6C4C34F43}.Debug|Any CPU.ActiveCfg = Debug|Any CPU
		{A2DC29F0-ED28-4D15-9DAB-ADD6C4C34F43}.Debug|Any CPU.Build.0 = Debug|Any CPU
		{A2DC29F0-ED28-4D15-9DAB-ADD6C4C34F43}.Release|Any CPU.ActiveCfg = Release|Any CPU
		{A2DC29F0-ED28-4D15-9DAB-ADD6C4C34F43}.Release|Any CPU.Build.0 = Release|Any CPU
	EndGlobalSection
	GlobalSection(SolutionProperties) = preSolution
		HideSolutionNode = FALSE
	EndGlobalSection
	GlobalSection(ExtensibilityGlobals) = postSolution
		SolutionGuid = {CD5A2541-6C9E-4AF0-8B34-068C21027EDD}
	EndGlobalSection
EndGlobal
